
Microsoft Visual Studio Solution File, Format Version 12.00
# Visual Studio Version 17
VisualStudioVersion = 17.14.36414.22
MinimumVisualStudioVersion = 10.0.40219.1
Project("{FAE04EC0-301F-11D3-BF4B-00C04F79EFBC}") = "Assignment", "Assignment\Assignment.csproj", "{F15E34B5-6E43-47DB-BCD5-E425E2D3084A}"
EndProject
Project("{FAE04EC0-301F-11D3-BF4B-00C04F79EFBC}") = "AssignmentUnitTests", "AssignmentUnitTests\AssignmentUnitTests.csproj", "{D62F29D8-C805-4A79-B89A-947D90ECA758}"
EndProject
Global
	GlobalSection(SolutionConfigurationPlatforms) = preSolution
		Debug|Any CPU = Debug|Any CPU
		Release|Any CPU = Release|Any CPU
	EndGlobalSection
	GlobalSection(ProjectConfigurationPlatforms) = postSolution
		{F15E34B5-6E43-47DB-BCD5-E425E2D3084A}.Debug|Any CPU.ActiveCfg = Debug|Any CPU
		{F15E34B5-6E43-47DB-BCD5-E425E2D3084A}.Debug|Any CPU.Build.0 = Debug|Any CPU
		{F15E34B5-6E43-47DB-BCD5-E425E2D3084A}.Release|Any CPU.ActiveCfg = Release|Any CPU
		{F15E34B5-6E43-47DB-BCD5-E425E2D3084A}.Release|Any CPU.Build.0 = Release|Any CPU
		{D62F29D8-C805-4A79-B89A-947D90ECA758}.Debug|Any CPU.ActiveCfg = Debug|Any CPU
		{D62F29D8-C805-4A79-B89A-947D90ECA758}.Debug|Any CPU.Build.0 = Debug|Any CPU
		{D62F29D8-C805-4A79-B89A-947D90ECA758}.Release|Any CPU.ActiveCfg = Release|Any CPU
		{D62F29D8-C805-4A79-B89A-947D90ECA758}.Release|Any CPU.Build.0 = Release|Any CPU
	EndGlobalSection
	GlobalSection(SolutionProperties) = preSolution
		HideSolutionNode = FALSE
	EndGlobalSection
	GlobalSection(ExtensibilityGlobals) = postSolution
		SolutionGuid = {E1C80A6C-141A-40DA-8809-50CCC50BC8FC}
	EndGlobalSection
EndGlobal
